
Microsoft Visual Studio Solution File, Format Version 12.00
# Visual Studio Version 17
VisualStudioVersion = 17.10.35013.160
MinimumVisualStudioVersion = 10.0.40219.1
Project("{FAE04EC0-301F-11D3-BF4B-00C04F79EFBC}") = "TestUserApp", "TestUserApp\TestUserApp.csproj", "{01C2802B-265D-40E5-9546-78383F0D6AAF}"
EndProject
Global
	GlobalSection(SolutionConfigurationPlatforms) = preSolution
		Debug|Any CPU = Debug|Any CPU
		Release|Any CPU = Release|Any CPU
	EndGlobalSection
	GlobalSection(ProjectConfigurationPlatforms) = postSolution
		{01C2802B-265D-40E5-9546-78383F0D6AAF}.Debug|Any CPU.ActiveCfg = Debug|Any CPU
		{01C2802B-265D-40E5-9546-78383F0D6AAF}.Debug|Any CPU.Build.0 = Debug|Any CPU
		{01C2802B-265D-40E5-9546-78383F0D6AAF}.Release|Any CPU.ActiveCfg = Release|Any CPU
		{01C2802B-265D-40E5-9546-78383F0D6AAF}.Release|Any CPU.Build.0 = Release|Any CPU
	EndGlobalSection
	GlobalSection(SolutionProperties) = preSolution
		HideSolutionNode = FALSE
	EndGlobalSection
	GlobalSection(ExtensibilityGlobals) = postSolution
		SolutionGuid = {8788CE63-E542-46EA-A53D-5BAC23AB62F7}
	EndGlobalSection
EndGlobal
